
Microsoft Visual Studio Solution File, Format Version 12.00
# Visual Studio Version 16
VisualStudioVersion = 16.0.29911.84
MinimumVisualStudioVersion = 10.0.40219.1
Project("{9A19103F-16F7-4668-BE54-9A1E7A4F7556}") = "ColorMatcher", "ColorMatcher\ColorMatcher.csproj", "{0099989C-1524-4893-B553-76212127B4CE}"
EndProject
Project("{9A19103F-16F7-4668-BE54-9A1E7A4F7556}") = "ColorMatcher.Logic", "ColorMatcher.Logic\ColorMatcher.Logic.csproj", "{7143A81C-E27C-463E-B35C-0D2CFC0E9061}"
EndProject
Project("{9A19103F-16F7-4668-BE54-9A1E7A4F7556}") = "ColorMatcher.Logic.Tests", "ColorMatcher.Logic.Tests\ColorMatcher.Logic.Tests.csproj", "{6F441900-3547-4764-B402-F3A0E2FF74A7}"
EndProject
Global
	GlobalSection(SolutionConfigurationPlatforms) = preSolution
		Debug|Any CPU = Debug|Any CPU
		Release|Any CPU = Release|Any CPU
	EndGlobalSection
	GlobalSection(ProjectConfigurationPlatforms) = postSolution
		{0099989C-1524-4893-B553-76212127B4CE}.Debug|Any CPU.ActiveCfg = Debug|Any CPU
		{0099989C-1524-4893-B553-76212127B4CE}.Debug|Any CPU.Build.0 = Debug|Any CPU
		{0099989C-1524-4893-B553-76212127B4CE}.Release|Any CPU.ActiveCfg = Release|Any CPU
		{0099989C-1524-4893-B553-76212127B4CE}.Release|Any CPU.Build.0 = Release|Any CPU
		{7143A81C-E27C-463E-B35C-0D2CFC0E9061}.Debug|Any CPU.ActiveCfg = Debug|Any CPU
		{7143A81C-E27C-463E-B35C-0D2CFC0E9061}.Debug|Any CPU.Build.0 = Debug|Any CPU
		{7143A81C-E27C-463E-B35C-0D2CFC0E9061}.Release|Any CPU.ActiveCfg = Release|Any CPU
		{7143A81C-E27C-463E-B35C-0D2CFC0E9061}.Release|Any CPU.Build.0 = Release|Any CPU
		{6F441900-3547-4764-B402-F3A0E2FF74A7}.Debug|Any CPU.ActiveCfg = Debug|Any CPU
		{6F441900-3547-4764-B402-F3A0E2FF74A7}.Debug|Any CPU.Build.0 = Debug|Any CPU
		{6F441900-3547-4764-B402-F3A0E2FF74A7}.Release|Any CPU.ActiveCfg = Release|Any CPU
		{6F441900-3547-4764-B402-F3A0E2FF74A7}.Release|Any CPU.Build.0 = Release|Any CPU
	EndGlobalSection
	GlobalSection(SolutionProperties) = preSolution
		HideSolutionNode = FALSE
	EndGlobalSection
	GlobalSection(ExtensibilityGlobals) = postSolution
		SolutionGuid = {E3C80615-1FBE-4079-88B4-0750B9F42E71}
	EndGlobalSection
EndGlobal
